
Microsoft Visual Studio Solution File, Format Version 12.00
# Visual Studio Version 17
VisualStudioVersion = 17.0.31815.197
MinimumVisualStudioVersion = 10.0.40219.1
Project("{9A19103F-16F7-4668-BE54-9A1E7A4F7556}") = "CSharp10Features.GlobalUsings", "CSharp10Features.GlobalUsings\CSharp10Features.GlobalUsings.csproj", "{6A391408-A8DE-46D5-B88F-632CC63792A7}"
EndProject
Project("{9A19103F-16F7-4668-BE54-9A1E7A4F7556}") = "CSharp10Features.FileScopedNamespaces", "CSharp10Features.FileScopedNamespaces\CSharp10Features.FileScopedNamespaces.csproj", "{12C378A0-8331-44DF-A6BC-84E97D842C0B}"
EndProject
Project("{9A19103F-16F7-4668-BE54-9A1E7A4F7556}") = "CSharp10Features.NullParameterChecking", "CSharp10Features.NullParameterChecking\CSharp10Features.NullParameterChecking.csproj", "{EB086010-1802-40EA-943D-54D2D0D29278}"
EndProject
Project("{2150E333-8FDC-42A3-9474-1A3956D46DE8}") = "01. NullParameterChecking", "01. NullParameterChecking", "{4EB4811C-6493-47A0-9115-BA8469C998F4}"
EndProject
Project("{2150E333-8FDC-42A3-9474-1A3956D46DE8}") = "02. RecordStructs", "02. RecordStructs", "{DBB87723-52D2-438D-9C2A-F99FC0538D6E}"
EndProject
Project("{9A19103F-16F7-4668-BE54-9A1E7A4F7556}") = "CSharp10Features.RecordStructs", "CSharp10Features.RecordStructs\CSharp10Features.RecordStructs.csproj", "{0F48E90C-5860-4B15-8933-EDA3CC1C667E}"
EndProject
Project("{2150E333-8FDC-42A3-9474-1A3956D46DE8}") = "03. RecordTypesSealToString", "03. RecordTypesSealToString", "{DEF974F7-8DE8-4571-877F-52EDBA653273}"
EndProject
Project("{9A19103F-16F7-4668-BE54-9A1E7A4F7556}") = "CSharp10Features.RecordTypesSealToString", "CSharp10Features.RecordTypesSealToString\CSharp10Features.RecordTypesSealToString.csproj", "{6B76953B-E016-43B6-8B74-016921CC2191}"
EndProject
Project("{2150E333-8FDC-42A3-9474-1A3956D46DE8}") = "05. ConstantInterpolatedStrings", "05. ConstantInterpolatedStrings", "{BE308735-C3A4-4C9F-8F88-155C0CEB7A99}"
EndProject
Project("{9A19103F-16F7-4668-BE54-9A1E7A4F7556}") = "CSharp10Features.ContantInterpolatedStrings", "CSharp10Features.ContantInterpolatedStrings\CSharp10Features.ContantInterpolatedStrings.csproj", "{7FDC4092-2EB3-4CAB-83CC-BAEDFF6FC1D2}"
EndProject
Project("{2150E333-8FDC-42A3-9474-1A3956D46DE8}") = "07. LambdaImprovements", "07. LambdaImprovements", "{D11A108D-C287-4912-9724-DB22500A834C}"
EndProject
Project("{2150E333-8FDC-42A3-9474-1A3956D46DE8}") = "08. ExtendedPropertyPatterns", "08. ExtendedPropertyPatterns", "{E426855E-A93D-4BF3-BB1A-710DB0723628}"
EndProject
Project("{2150E333-8FDC-42A3-9474-1A3956D46DE8}") = "09. StructureTypeImprovements", "09. StructureTypeImprovements", "{C38D4A70-0E72-408B-86DC-42F268E1DAC1}"
EndProject
Project("{2150E333-8FDC-42A3-9474-1A3956D46DE8}") = "10. AssignmentAndDeclarationInSameDeconstruction", "10. AssignmentAndDeclarationInSameDeconstruction", "{5A4FFBF0-1C59-49B9-AAE5-FF1F4F198AD8}"
EndProject
Project("{9A19103F-16F7-4668-BE54-9A1E7A4F7556}") = "CSharp10Features.AssignmentAndDeclarationInSameDeconstruction", "CSharp10Features.AssignmentAndDeclarationInSameDeconstruction\CSharp10Features.AssignmentAndDeclarationInSameDeconstruction.csproj", "{520AE9DD-A483-4F1F-89B5-4C1FFB8F8520}"
EndProject
Project("{2150E333-8FDC-42A3-9474-1A3956D46DE8}") = "13. FileScopedNamespaces", "13. FileScopedNamespaces", "{3E9F456E-98AF-4482-B4FC-D0977382BD7C}"
EndProject
Project("{2150E333-8FDC-42A3-9474-1A3956D46DE8}") = "12. GlobalUsings", "12. GlobalUsings", "{2207C0A4-A549-46B3-B31D-AACC216E6414}"
EndProject
Project("{2150E333-8FDC-42A3-9474-1A3956D46DE8}") = "CSharp10", "CSharp10", "{F3E714E7-D567-497C-ADCC-138C50EC4369}"
EndProject
Project("{2150E333-8FDC-42A3-9474-1A3956D46DE8}") = "Net6", "Net6", "{981997B9-F5D5-4D38-9335-9371FEE9C1FA}"
EndProject
Project("{2150E333-8FDC-42A3-9474-1A3956D46DE8}") = "01. MInimalApi", "01. MInimalApi", "{DDBD669C-65D4-4D7C-A71D-37FED20E1597}"
EndProject
Project("{2150E333-8FDC-42A3-9474-1A3956D46DE8}") = "03. Apis", "03. Apis", "{AA92EE4C-220B-487B-B8AF-EDF6249E2434}"
EndProject
Project("{2150E333-8FDC-42A3-9474-1A3956D46DE8}") = "a PriorityQueue", "a PriorityQueue", "{0425E315-55BD-4AE7-87F1-058AD833C035}"
EndProject
Project("{2150E333-8FDC-42A3-9474-1A3956D46DE8}") = "b Parallel.ForEachAsync", "b Parallel.ForEachAsync", "{2A114F87-35DC-4F52-B7C9-E319FCD487E1}"
EndProject
Project("{2150E333-8FDC-42A3-9474-1A3956D46DE8}") = "02. HotReload", "02. HotReload", "{C4FF5169-D833-4E22-B9ED-B2925A954E65}"
EndProject
Project("{2150E333-8FDC-42A3-9474-1A3956D46DE8}") = "c. Configuration.GetRequiredSection", "c. Configuration.GetRequiredSection", "{0F225F80-85E6-4F85-8407-A0AC1CA0D7F3}"
EndProject
Project("{9A19103F-16F7-4668-BE54-9A1E7A4F7556}") = "Net6.Configuration.GetRequiredSection", "Net6.Configuration.GetRequiredSection\Net6.Configuration.GetRequiredSection.csproj", "{E6683783-9784-45BE-A2B5-896AB1576718}"
EndProject
Project("{2150E333-8FDC-42A3-9474-1A3956D46DE8}") = "d. PeriodicTimer", "d. PeriodicTimer", "{2AAFF88A-7812-45DC-920E-20255CC06DD9}"
EndProject
Project("{9A19103F-16F7-4668-BE54-9A1E7A4F7556}") = "Net6.PeriodicTimer", "Net6.PeriodicTimer\Net6.PeriodicTimer.csproj", "{310FCAF0-2903-4C34-B97E-E8AF763B7343}"
EndProject
Project("{2150E333-8FDC-42A3-9474-1A3956D46DE8}") = "e. IEnumerableChunks", "e. IEnumerableChunks", "{4D62EE7A-7ACB-473E-A2D8-771D7E005239}"
EndProject
Project("{9A19103F-16F7-4668-BE54-9A1E7A4F7556}") = "Net6.IEnumerableChunks", "Net6.IEnumerableChunks\Net6.IEnumerableChunks.csproj", "{2E1C5C6C-1615-484F-B5FD-035C227720E8}"
EndProject
Project("{2150E333-8FDC-42A3-9474-1A3956D46DE8}") = "f. ByMethods", "f. ByMethods", "{0BE443F6-D70B-42A1-95A2-FD7E23790EC3}"
EndProject
Project("{9A19103F-16F7-4668-BE54-9A1E7A4F7556}") = "Net6.ByMethods", "Net6.ByMethods\Net6.ByMethods.csproj", "{9AF353BC-454B-4DB6-95F2-0815115C8854}"
EndProject
Project("{2150E333-8FDC-42A3-9474-1A3956D46DE8}") = "g. OverrideDefaultInFirstOrDefault", "g. OverrideDefaultInFirstOrDefault", "{311C85DE-4445-4220-8420-049772D925D0}"
EndProject
Project("{9A19103F-16F7-4668-BE54-9A1E7A4F7556}") = "Net6.OverrideDefaultInFirstOrDefault", "Net6.OverrideDefaultInFirstOrDefault\Net6.OverrideDefaultInFirstOrDefault.csproj", "{0B8DB215-59A2-425C-B75B-E95CC598C42D}"
EndProject
Project("{9A19103F-16F7-4668-BE54-9A1E7A4F7556}") = "ParallelForEachAsync", "Net6.ParallelForEachAsync\ParallelForEachAsync.csproj", "{A659E5EE-8F61-4404-A331-C278F2D70BC4}"
EndProject
Project("{9A19103F-16F7-4668-BE54-9A1E7A4F7556}") = "PriorityQueue", "Net6.PriorityQueue\PriorityQueue.csproj", "{5777E44A-0635-4C9F-B3D8-8E2C09C01ADF}"
EndProject
Project("{9A19103F-16F7-4668-BE54-9A1E7A4F7556}") = "HotReloadWebApp", "Net6.HotReloadWebApp\HotReloadWebApp.csproj", "{0B5472FB-7192-4C81-804C-5958977E9D96}"
EndProject
Project("{9A19103F-16F7-4668-BE54-9A1E7A4F7556}") = "CSharp10Features.LambdaImprovements", "CSharp10Features.LambdaImprovements\CSharp10Features.LambdaImprovements.csproj", "{1136A0FC-B2AE-4E0B-B9EF-716AC1673CC1}"
EndProject
Project("{9A19103F-16F7-4668-BE54-9A1E7A4F7556}") = "CSharp10Features.ExtendedPropertyPatterns", "CSharp10Features.ExtendedPropertyPatterns\CSharp10Features.ExtendedPropertyPatterns.csproj", "{6461DC45-F8D1-411F-8280-2E269E4C6587}"
EndProject
Project("{9A19103F-16F7-4668-BE54-9A1E7A4F7556}") = "CSharp10Features.StructureTypeImprovments", "CSharp10Features.StructureTypeImprovments\CSharp10Features.StructureTypeImprovments.csproj", "{BC58B372-3029-497E-939D-4790CEAAD005}"
EndProject
Project("{FAE04EC0-301F-11D3-BF4B-00C04F79EFBC}") = "MinimalApi", "Net6.MinimalApi\MinimalApi\MinimalApi.csproj", "{E7307F20-AAC4-4817-95C9-4D50C06E5217}"
EndProject
Global
	GlobalSection(SolutionConfigurationPlatforms) = preSolution
		Debug|Any CPU = Debug|Any CPU
		Release|Any CPU = Release|Any CPU
	EndGlobalSection
	GlobalSection(ProjectConfigurationPlatforms) = postSolution
		{6A391408-A8DE-46D5-B88F-632CC63792A7}.Debug|Any CPU.ActiveCfg = Debug|Any CPU
		{6A391408-A8DE-46D5-B88F-632CC63792A7}.Debug|Any CPU.Build.0 = Debug|Any CPU
		{6A391408-A8DE-46D5-B88F-632CC63792A7}.Release|Any CPU.ActiveCfg = Release|Any CPU
		{6A391408-A8DE-46D5-B88F-632CC63792A7}.Release|Any CPU.Build.0 = Release|Any CPU
		{12C378A0-8331-44DF-A6BC-84E97D842C0B}.Debug|Any CPU.ActiveCfg = Debug|Any CPU
		{12C378A0-8331-44DF-A6BC-84E97D842C0B}.Debug|Any CPU.Build.0 = Debug|Any CPU
		{12C378A0-8331-44DF-A6BC-84E97D842C0B}.Release|Any CPU.ActiveCfg = Release|Any CPU
		{12C378A0-8331-44DF-A6BC-84E97D842C0B}.Release|Any CPU.Build.0 = Release|Any CPU
		{EB086010-1802-40EA-943D-54D2D0D29278}.Debug|Any CPU.ActiveCfg = Debug|Any CPU
		{EB086010-1802-40EA-943D-54D2D0D29278}.Debug|Any CPU.Build.0 = Debug|Any CPU
		{EB086010-1802-40EA-943D-54D2D0D29278}.Release|Any CPU.ActiveCfg = Release|Any CPU
		{EB086010-1802-40EA-943D-54D2D0D29278}.Release|Any CPU.Build.0 = Release|Any CPU
		{0F48E90C-5860-4B15-8933-EDA3CC1C667E}.Debug|Any CPU.ActiveCfg = Debug|Any CPU
		{0F48E90C-5860-4B15-8933-EDA3CC1C667E}.Debug|Any CPU.Build.0 = Debug|Any CPU
		{0F48E90C-5860-4B15-8933-EDA3CC1C667E}.Release|Any CPU.ActiveCfg = Release|Any CPU
		{0F48E90C-5860-4B15-8933-EDA3CC1C667E}.Release|Any CPU.Build.0 = Release|Any CPU
		{6B76953B-E016-43B6-8B74-016921CC2191}.Debug|Any CPU.ActiveCfg = Debug|Any CPU
		{6B76953B-E016-43B6-8B74-016921CC2191}.Debug|Any CPU.Build.0 = Debug|Any CPU
		{6B76953B-E016-43B6-8B74-016921CC2191}.Release|Any CPU.ActiveCfg = Release|Any CPU
		{6B76953B-E016-43B6-8B74-016921CC2191}.Release|Any CPU.Build.0 = Release|Any CPU
		{7FDC4092-2EB3-4CAB-83CC-BAEDFF6FC1D2}.Debug|Any CPU.ActiveCfg = Debug|Any CPU
		{7FDC4092-2EB3-4CAB-83CC-BAEDFF6FC1D2}.Debug|Any CPU.Build.0 = Debug|Any CPU
		{7FDC4092-2EB3-4CAB-83CC-BAEDFF6FC1D2}.Release|Any CPU.ActiveCfg = Release|Any CPU
		{7FDC4092-2EB3-4CAB-83CC-BAEDFF6FC1D2}.Release|Any CPU.Build.0 = Release|Any CPU
		{520AE9DD-A483-4F1F-89B5-4C1FFB8F8520}.Debug|Any CPU.ActiveCfg = Debug|Any CPU
		{520AE9DD-A483-4F1F-89B5-4C1FFB8F8520}.Debug|Any CPU.Build.0 = Debug|Any CPU
		{520AE9DD-A483-4F1F-89B5-4C1FFB8F8520}.Release|Any CPU.ActiveCfg = Release|Any CPU
		{520AE9DD-A483-4F1F-89B5-4C1FFB8F8520}.Release|Any CPU.Build.0 = Release|Any CPU
		{E6683783-9784-45BE-A2B5-896AB1576718}.Debug|Any CPU.ActiveCfg = Debug|Any CPU
		{E6683783-9784-45BE-A2B5-896AB1576718}.Debug|Any CPU.Build.0 = Debug|Any CPU
		{E6683783-9784-45BE-A2B5-896AB1576718}.Release|Any CPU.ActiveCfg = Release|Any CPU
		{E6683783-9784-45BE-A2B5-896AB1576718}.Release|Any CPU.Build.0 = Release|Any CPU
		{310FCAF0-2903-4C34-B97E-E8AF763B7343}.Debug|Any CPU.ActiveCfg = Debug|Any CPU
		{310FCAF0-2903-4C34-B97E-E8AF763B7343}.Debug|Any CPU.Build.0 = Debug|Any CPU
		{310FCAF0-2903-4C34-B97E-E8AF763B7343}.Release|Any CPU.ActiveCfg = Release|Any CPU
		{310FCAF0-2903-4C34-B97E-E8AF763B7343}.Release|Any CPU.Build.0 = Release|Any CPU
		{2E1C5C6C-1615-484F-B5FD-035C227720E8}.Debug|Any CPU.ActiveCfg = Debug|Any CPU
		{2E1C5C6C-1615-484F-B5FD-035C227720E8}.Debug|Any CPU.Build.0 = Debug|Any CPU
		{2E1C5C6C-1615-484F-B5FD-035C227720E8}.Release|Any CPU.ActiveCfg = Release|Any CPU
		{2E1C5C6C-1615-484F-B5FD-035C227720E8}.Release|Any CPU.Build.0 = Release|Any CPU
		{9AF353BC-454B-4DB6-95F2-0815115C8854}.Debug|Any CPU.ActiveCfg = Debug|Any CPU
		{9AF353BC-454B-4DB6-95F2-0815115C8854}.Debug|Any CPU.Build.0 = Debug|Any CPU
		{9AF353BC-454B-4DB6-95F2-0815115C8854}.Release|Any CPU.ActiveCfg = Release|Any CPU
		{9AF353BC-454B-4DB6-95F2-0815115C8854}.Release|Any CPU.Build.0 = Release|Any CPU
		{0B8DB215-59A2-425C-B75B-E95CC598C42D}.Debug|Any CPU.ActiveCfg = Debug|Any CPU
		{0B8DB215-59A2-425C-B75B-E95CC598C42D}.Debug|Any CPU.Build.0 = Debug|Any CPU
		{0B8DB215-59A2-425C-B75B-E95CC598C42D}.Release|Any CPU.ActiveCfg = Release|Any CPU
		{0B8DB215-59A2-425C-B75B-E95CC598C42D}.Release|Any CPU.Build.0 = Release|Any CPU
		{A659E5EE-8F61-4404-A331-C278F2D70BC4}.Debug|Any CPU.ActiveCfg = Debug|Any CPU
		{A659E5EE-8F61-4404-A331-C278F2D70BC4}.Debug|Any CPU.Build.0 = Debug|Any CPU
		{A659E5EE-8F61-4404-A331-C278F2D70BC4}.Release|Any CPU.ActiveCfg = Release|Any CPU
		{A659E5EE-8F61-4404-A331-C278F2D70BC4}.Release|Any CPU.Build.0 = Release|Any CPU
		{5777E44A-0635-4C9F-B3D8-8E2C09C01ADF}.Debug|Any CPU.ActiveCfg = Debug|Any CPU
		{5777E44A-0635-4C9F-B3D8-8E2C09C01ADF}.Debug|Any CPU.Build.0 = Debug|Any CPU
		{5777E44A-0635-4C9F-B3D8-8E2C09C01ADF}.Release|Any CPU.ActiveCfg = Release|Any CPU
		{5777E44A-0635-4C9F-B3D8-8E2C09C01ADF}.Release|Any CPU.Build.0 = Release|Any CPU
		{0B5472FB-7192-4C81-804C-5958977E9D96}.Debug|Any CPU.ActiveCfg = Debug|Any CPU
		{0B5472FB-7192-4C81-804C-5958977E9D96}.Debug|Any CPU.Build.0 = Debug|Any CPU
		{0B5472FB-7192-4C81-804C-5958977E9D96}.Release|Any CPU.ActiveCfg = Release|Any CPU
		{0B5472FB-7192-4C81-804C-5958977E9D96}.Release|Any CPU.Build.0 = Release|Any CPU
		{1136A0FC-B2AE-4E0B-B9EF-716AC1673CC1}.Debug|Any CPU.ActiveCfg = Debug|Any CPU
		{1136A0FC-B2AE-4E0B-B9EF-716AC1673CC1}.Debug|Any CPU.Build.0 = Debug|Any CPU
		{1136A0FC-B2AE-4E0B-B9EF-716AC1673CC1}.Release|Any CPU.ActiveCfg = Release|Any CPU
		{1136A0FC-B2AE-4E0B-B9EF-716AC1673CC1}.Release|Any CPU.Build.0 = Release|Any CPU
		{6461DC45-F8D1-411F-8280-2E269E4C6587}.Debug|Any CPU.ActiveCfg = Debug|Any CPU
		{6461DC45-F8D1-411F-8280-2E269E4C6587}.Debug|Any CPU.Build.0 = Debug|Any CPU
		{6461DC45-F8D1-411F-8280-2E269E4C6587}.Release|Any CPU.ActiveCfg = Release|Any CPU
		{6461DC45-F8D1-411F-8280-2E269E4C6587}.Release|Any CPU.Build.0 = Release|Any CPU
		{BC58B372-3029-497E-939D-4790CEAAD005}.Debug|Any CPU.ActiveCfg = Debug|Any CPU
		{BC58B372-3029-497E-939D-4790CEAAD005}.Debug|Any CPU.Build.0 = Debug|Any CPU
		{BC58B372-3029-497E-939D-4790CEAAD005}.Release|Any CPU.ActiveCfg = Release|Any CPU
		{BC58B372-3029-497E-939D-4790CEAAD005}.Release|Any CPU.Build.0 = Release|Any CPU
		{E7307F20-AAC4-4817-95C9-4D50C06E5217}.Debug|Any CPU.ActiveCfg = Debug|Any CPU
		{E7307F20-AAC4-4817-95C9-4D50C06E5217}.Debug|Any CPU.Build.0 = Debug|Any CPU
		{E7307F20-AAC4-4817-95C9-4D50C06E5217}.Release|Any CPU.ActiveCfg = Release|Any CPU
		{E7307F20-AAC4-4817-95C9-4D50C06E5217}.Release|Any CPU.Build.0 = Release|Any CPU
	EndGlobalSection
	GlobalSection(SolutionProperties) = preSolution
		HideSolutionNode = FALSE
	EndGlobalSection
	GlobalSection(NestedProjects) = preSolution
		{6A391408-A8DE-46D5-B88F-632CC63792A7} = {2207C0A4-A549-46B3-B31D-AACC216E6414}
		{12C378A0-8331-44DF-A6BC-84E97D842C0B} = {3E9F456E-98AF-4482-B4FC-D0977382BD7C}
		{EB086010-1802-40EA-943D-54D2D0D29278} = {4EB4811C-6493-47A0-9115-BA8469C998F4}
		{4EB4811C-6493-47A0-9115-BA8469C998F4} = {F3E714E7-D567-497C-ADCC-138C50EC4369}
		{DBB87723-52D2-438D-9C2A-F99FC0538D6E} = {F3E714E7-D567-497C-ADCC-138C50EC4369}
		{0F48E90C-5860-4B15-8933-EDA3CC1C667E} = {DBB87723-52D2-438D-9C2A-F99FC0538D6E}
		{DEF974F7-8DE8-4571-877F-52EDBA653273} = {F3E714E7-D567-497C-ADCC-138C50EC4369}
		{6B76953B-E016-43B6-8B74-016921CC2191} = {DEF974F7-8DE8-4571-877F-52EDBA653273}
		{BE308735-C3A4-4C9F-8F88-155C0CEB7A99} = {F3E714E7-D567-497C-ADCC-138C50EC4369}
		{7FDC4092-2EB3-4CAB-83CC-BAEDFF6FC1D2} = {BE308735-C3A4-4C9F-8F88-155C0CEB7A99}
		{D11A108D-C287-4912-9724-DB22500A834C} = {F3E714E7-D567-497C-ADCC-138C50EC4369}
		{E426855E-A93D-4BF3-BB1A-710DB0723628} = {F3E714E7-D567-497C-ADCC-138C50EC4369}
		{C38D4A70-0E72-408B-86DC-42F268E1DAC1} = {F3E714E7-D567-497C-ADCC-138C50EC4369}
		{5A4FFBF0-1C59-49B9-AAE5-FF1F4F198AD8} = {F3E714E7-D567-497C-ADCC-138C50EC4369}
		{520AE9DD-A483-4F1F-89B5-4C1FFB8F8520} = {5A4FFBF0-1C59-49B9-AAE5-FF1F4F198AD8}
		{3E9F456E-98AF-4482-B4FC-D0977382BD7C} = {F3E714E7-D567-497C-ADCC-138C50EC4369}
		{2207C0A4-A549-46B3-B31D-AACC216E6414} = {F3E714E7-D567-497C-ADCC-138C50EC4369}
		{DDBD669C-65D4-4D7C-A71D-37FED20E1597} = {981997B9-F5D5-4D38-9335-9371FEE9C1FA}
		{AA92EE4C-220B-487B-B8AF-EDF6249E2434} = {981997B9-F5D5-4D38-9335-9371FEE9C1FA}
		{0425E315-55BD-4AE7-87F1-058AD833C035} = {AA92EE4C-220B-487B-B8AF-EDF6249E2434}
		{2A114F87-35DC-4F52-B7C9-E319FCD487E1} = {AA92EE4C-220B-487B-B8AF-EDF6249E2434}
		{C4FF5169-D833-4E22-B9ED-B2925A954E65} = {981997B9-F5D5-4D38-9335-9371FEE9C1FA}
		{0F225F80-85E6-4F85-8407-A0AC1CA0D7F3} = {AA92EE4C-220B-487B-B8AF-EDF6249E2434}
		{E6683783-9784-45BE-A2B5-896AB1576718} = {0F225F80-85E6-4F85-8407-A0AC1CA0D7F3}
		{2AAFF88A-7812-45DC-920E-20255CC06DD9} = {AA92EE4C-220B-487B-B8AF-EDF6249E2434}
		{310FCAF0-2903-4C34-B97E-E8AF763B7343} = {2AAFF88A-7812-45DC-920E-20255CC06DD9}
		{4D62EE7A-7ACB-473E-A2D8-771D7E005239} = {AA92EE4C-220B-487B-B8AF-EDF6249E2434}
		{2E1C5C6C-1615-484F-B5FD-035C227720E8} = {4D62EE7A-7ACB-473E-A2D8-771D7E005239}
		{0BE443F6-D70B-42A1-95A2-FD7E23790EC3} = {AA92EE4C-220B-487B-B8AF-EDF6249E2434}
		{9AF353BC-454B-4DB6-95F2-0815115C8854} = {0BE443F6-D70B-42A1-95A2-FD7E23790EC3}
		{311C85DE-4445-4220-8420-049772D925D0} = {AA92EE4C-220B-487B-B8AF-EDF6249E2434}
		{0B8DB215-59A2-425C-B75B-E95CC598C42D} = {311C85DE-4445-4220-8420-049772D925D0}
		{A659E5EE-8F61-4404-A331-C278F2D70BC4} = {2A114F87-35DC-4F52-B7C9-E319FCD487E1}
		{5777E44A-0635-4C9F-B3D8-8E2C09C01ADF} = {0425E315-55BD-4AE7-87F1-058AD833C035}
		{0B5472FB-7192-4C81-804C-5958977E9D96} = {C4FF5169-D833-4E22-B9ED-B2925A954E65}
		{1136A0FC-B2AE-4E0B-B9EF-716AC1673CC1} = {D11A108D-C287-4912-9724-DB22500A834C}
		{6461DC45-F8D1-411F-8280-2E269E4C6587} = {E426855E-A93D-4BF3-BB1A-710DB0723628}
		{BC58B372-3029-497E-939D-4790CEAAD005} = {C38D4A70-0E72-408B-86DC-42F268E1DAC1}
		{E7307F20-AAC4-4817-95C9-4D50C06E5217} = {DDBD669C-65D4-4D7C-A71D-37FED20E1597}
	EndGlobalSection
	GlobalSection(ExtensibilityGlobals) = postSolution
		SolutionGuid = {E8A61DD8-3746-4CFF-9594-13E5EB7B5A4F}
	EndGlobalSection
EndGlobal
